// !$*UTF8*$!
{
	archiveVersion = 1;
	classes = {
	};
	objectVersion = 46;
	objects = {

/* Begin PBXBuildFile section */
		212C47CA14B1DFC50025E180 /* AppController.m in Sources */ = {isa = PBXBuildFile; fileRef = 212C47C914B1DFC50025E180 /* AppController.m */; };
		212C47CD14B1E8F40025E180 /* AudioInputBuffer.m in Sources */ = {isa = PBXBuildFile; fileRef = 212C47CC14B1E8F40025E180 /* AudioInputBuffer.m */; };
		212C47D014B1E97F0025E180 /* AudioUnitIO.m in Sources */ = {isa = PBXBuildFile; fileRef = 212C47CF14B1E97F0025E180 /* AudioUnitIO.m */; };
		212C47D314B1EDBC0025E180 /* AudioDevice.m in Sources */ = {isa = PBXBuildFile; fileRef = 212C47D214B1EDBC0025E180 /* AudioDevice.m */; };
		212C47D614B216AC0025E180 /* AudioDeviceList.m in Sources */ = {isa = PBXBuildFile; fileRef = 212C47D514B216AC0025E180 /* AudioDeviceList.m */; };
		212C47D914B229C60025E180 /* RingBuffer.m in Sources */ = {isa = PBXBuildFile; fileRef = 212C47D814B229C50025E180 /* RingBuffer.m */; };
		215DB31014B4183A0032FE2D /* OpenGL.framework in Frameworks */ = {isa = PBXBuildFile; fileRef = 215DB30F14B4183A0032FE2D /* OpenGL.framework */; };
		215DB31314B418460032FE2D /* GLUT.framework in Frameworks */ = {isa = PBXBuildFile; fileRef = 215DB31214B418460032FE2D /* GLUT.framework */; };
		215DB31914B41A630032FE2D /* ResultOpenGLView.m in Sources */ = {isa = PBXBuildFile; fileRef = 215DB31814B41A630032FE2D /* ResultOpenGLView.m */; };
		2185CE8814B48FEF000B0633 /* EstimaCalculator.m in Sources */ = {isa = PBXBuildFile; fileRef = 2185CE8714B48FEE000B0633 /* EstimaCalculator.m */; };
		2185CE9014B4A3B9000B0633 /* Utils.m in Sources */ = {isa = PBXBuildFile; fileRef = 2185CE8F14B4A3B9000B0633 /* Utils.m */; };
		2185CE9514B4B857000B0633 /* AudioDataHandle.m in Sources */ = {isa = PBXBuildFile; fileRef = 2185CE9314B4B857000B0633 /* AudioDataHandle.m */; };
		2185CE9614B4B857000B0633 /* AudioDataHandle+WavFileIO.m in Sources */ = {isa = PBXBuildFile; fileRef = 2185CE9414B4B857000B0633 /* AudioDataHandle+WavFileIO.m */; };
		21F0BC05148A9C7D0012C5C9 /* Cocoa.framework in Frameworks */ = {isa = PBXBuildFile; fileRef = 21F0BC04148A9C7D0012C5C9 /* Cocoa.framework */; };
		21F0BC0F148A9C7D0012C5C9 /* InfoPlist.strings in Resources */ = {isa = PBXBuildFile; fileRef = 21F0BC0D148A9C7D0012C5C9 /* InfoPlist.strings */; };
		21F0BC11148A9C7D0012C5C9 /* main.m in Sources */ = {isa = PBXBuildFile; fileRef = 21F0BC10148A9C7D0012C5C9 /* main.m */; };
		21F0BC15148A9C7D0012C5C9 /* Credits.rtf in Resources */ = {isa = PBXBuildFile; fileRef = 21F0BC13148A9C7D0012C5C9 /* Credits.rtf */; };
		21F0BC18148A9C7D0012C5C9 /* AppDelegate.m in Sources */ = {isa = PBXBuildFile; fileRef = 21F0BC17148A9C7D0012C5C9 /* AppDelegate.m */; };
		21F0BC1B148A9C7D0012C5C9 /* MainMenu.xib in Resources */ = {isa = PBXBuildFile; fileRef = 21F0BC19148A9C7D0012C5C9 /* MainMenu.xib */; };
		21F0BC22148A9C9F0012C5C9 /* Accelerate.framework in Frameworks */ = {isa = PBXBuildFile; fileRef = 21F0BC21148A9C9F0012C5C9 /* Accelerate.framework */; };
		21F0BC24148A9CAB0012C5C9 /* AudioToolbox.framework in Frameworks */ = {isa = PBXBuildFile; fileRef = 21F0BC23148A9CAB0012C5C9 /* AudioToolbox.framework */; };
		21F0BC26148A9CB00012C5C9 /* AudioUnit.framework in Frameworks */ = {isa = PBXBuildFile; fileRef = 21F0BC25148A9CB00012C5C9 /* AudioUnit.framework */; };
		21F0BC28148A9CB60012C5C9 /* AVFoundation.framework in Frameworks */ = {isa = PBXBuildFile; fileRef = 21F0BC27148A9CB60012C5C9 /* AVFoundation.framework */; };
		21F0BC2A148A9CBB0012C5C9 /* CoreAudio.framework in Frameworks */ = {isa = PBXBuildFile; fileRef = 21F0BC29148A9CBB0012C5C9 /* CoreAudio.framework */; };
/* End PBXBuildFile section */

/* Begin PBXFileReference section */
		212C47C814B1DFC50025E180 /* AppController.h */ = {isa = PBXFileReference; fileEncoding = 4; lastKnownFileType = sourcecode.c.h; path = AppController.h; sourceTree = "<group>"; };
		212C47C914B1DFC50025E180 /* AppController.m */ = {isa = PBXFileReference; fileEncoding = 4; lastKnownFileType = sourcecode.c.objc; path = AppController.m; sourceTree = "<group>"; };
		212C47CB14B1E8F40025E180 /* AudioInputBuffer.h */ = {isa = PBXFileReference; fileEncoding = 4; lastKnownFileType = sourcecode.c.h; path = AudioInputBuffer.h; sourceTree = "<group>"; };
		212C47CC14B1E8F40025E180 /* AudioInputBuffer.m */ = {isa = PBXFileReference; fileEncoding = 4; lastKnownFileType = sourcecode.c.objc; path = AudioInputBuffer.m; sourceTree = "<group>"; };
		212C47CE14B1E97F0025E180 /* AudioUnitIO.h */ = {isa = PBXFileReference; fileEncoding = 4; lastKnownFileType = sourcecode.c.h; path = AudioUnitIO.h; sourceTree = "<group>"; };
		212C47CF14B1E97F0025E180 /* AudioUnitIO.m */ = {isa = PBXFileReference; fileEncoding = 4; lastKnownFileType = sourcecode.c.objc; path = AudioUnitIO.m; sourceTree = "<group>"; };
		212C47D114B1EDBC0025E180 /* AudioDevice.h */ = {isa = PBXFileReference; fileEncoding = 4; lastKnownFileType = sourcecode.c.h; path = AudioDevice.h; sourceTree = "<group>"; };
		212C47D214B1EDBC0025E180 /* AudioDevice.m */ = {isa = PBXFileReference; fileEncoding = 4; lastKnownFileType = sourcecode.c.objc; path = AudioDevice.m; sourceTree = "<group>"; };
		212C47D414B216AC0025E180 /* AudioDeviceList.h */ = {isa = PBXFileReference; fileEncoding = 4; lastKnownFileType = sourcecode.c.h; path = AudioDeviceList.h; sourceTree = "<group>"; };
		212C47D514B216AC0025E180 /* AudioDeviceList.m */ = {isa = PBXFileReference; fileEncoding = 4; lastKnownFileType = sourcecode.c.objc; path = AudioDeviceList.m; sourceTree = "<group>"; };
		212C47D714B229C50025E180 /* RingBuffer.h */ = {isa = PBXFileReference; fileEncoding = 4; lastKnownFileType = sourcecode.c.h; path = RingBuffer.h; sourceTree = "<group>"; };
		212C47D814B229C50025E180 /* RingBuffer.m */ = {isa = PBXFileReference; fileEncoding = 4; lastKnownFileType = sourcecode.c.objc; path = RingBuffer.m; sourceTree = "<group>"; };
		215DB30F14B4183A0032FE2D /* OpenGL.framework */ = {isa = PBXFileReference; lastKnownFileType = wrapper.framework; name = OpenGL.framework; path = System/Library/Frameworks/OpenGL.framework; sourceTree = SDKROOT; };
		215DB31214B418460032FE2D /* GLUT.framework */ = {isa = PBXFileReference; lastKnownFileType = wrapper.framework; name = GLUT.framework; path = System/Library/Frameworks/GLUT.framework; sourceTree = SDKROOT; };
		215DB31714B41A630032FE2D /* ResultOpenGLView.h */ = {isa = PBXFileReference; fileEncoding = 4; lastKnownFileType = sourcecode.c.h; path = ResultOpenGLView.h; sourceTree = "<group>"; };
		215DB31814B41A630032FE2D /* ResultOpenGLView.m */ = {isa = PBXFileReference; fileEncoding = 4; lastKnownFileType = sourcecode.c.objc; path = ResultOpenGLView.m; sourceTree = "<group>"; };
		2185CE8614B48FEE000B0633 /* EstimaCalculator.h */ = {isa = PBXFileReference; fileEncoding = 4; lastKnownFileType = sourcecode.c.h; path = EstimaCalculator.h; sourceTree = "<group>"; };
		2185CE8714B48FEE000B0633 /* EstimaCalculator.m */ = {isa = PBXFileReference; fileEncoding = 4; lastKnownFileType = sourcecode.c.objc; path = EstimaCalculator.m; sourceTree = "<group>"; };
		2185CE8E14B4A3B8000B0633 /* Utils.h */ = {isa = PBXFileReference; fileEncoding = 4; lastKnownFileType = sourcecode.c.h; path = Utils.h; sourceTree = "<group>"; };
		2185CE8F14B4A3B9000B0633 /* Utils.m */ = {isa = PBXFileReference; fileEncoding = 4; lastKnownFileType = sourcecode.c.objc; path = Utils.m; sourceTree = "<group>"; };
		2185CE9214B4B857000B0633 /* AudioDataHandle.h */ = {isa = PBXFileReference; fileEncoding = 4; lastKnownFileType = sourcecode.c.h; path = AudioDataHandle.h; sourceTree = "<group>"; };
		2185CE9314B4B857000B0633 /* AudioDataHandle.m */ = {isa = PBXFileReference; fileEncoding = 4; lastKnownFileType = sourcecode.c.objc; path = AudioDataHandle.m; sourceTree = "<group>"; };
		2185CE9414B4B857000B0633 /* AudioDataHandle+WavFileIO.m */ = {isa = PBXFileReference; fileEncoding = 4; lastKnownFileType = sourcecode.c.objc; path = "AudioDataHandle+WavFileIO.m"; sourceTree = "<group>"; };
		21F0BC00148A9C7D0012C5C9 /* Estima.app */ = {isa = PBXFileReference; explicitFileType = wrapper.application; includeInIndex = 0; path = Estima.app; sourceTree = BUILT_PRODUCTS_DIR; };
		21F0BC04148A9C7D0012C5C9 /* Cocoa.framework */ = {isa = PBXFileReference; lastKnownFileType = wrapper.framework; name = Cocoa.framework; path = System/Library/Frameworks/Cocoa.framework; sourceTree = SDKROOT; };
		21F0BC07148A9C7D0012C5C9 /* AppKit.framework */ = {isa = PBXFileReference; lastKnownFileType = wrapper.framework; name = AppKit.framework; path = System/Library/Frameworks/AppKit.framework; sourceTree = SDKROOT; };
		21F0BC08148A9C7D0012C5C9 /* CoreData.framework */ = {isa = PBXFileReference; lastKnownFileType = wrapper.framework; name = CoreData.framework; path = System/Library/Frameworks/CoreData.framework; sourceTree = SDKROOT; };
		21F0BC09148A9C7D0012C5C9 /* Foundation.framework */ = {isa = PBXFileReference; lastKnownFileType = wrapper.framework; name = Foundation.framework; path = System/Library/Frameworks/Foundation.framework; sourceTree = SDKROOT; };
		21F0BC0C148A9C7D0012C5C9 /* Estima-Info.plist */ = {isa = PBXFileReference; lastKnownFileType = text.plist.xml; path = "Estima-Info.plist"; sourceTree = "<group>"; };
		21F0BC0E148A9C7D0012C5C9 /* en */ = {isa = PBXFileReference; lastKnownFileType = text.plist.strings; name = en; path = en.lproj/InfoPlist.strings; sourceTree = "<group>"; };
		21F0BC10148A9C7D0012C5C9 /* main.m */ = {isa = PBXFileReference; lastKnownFileType = sourcecode.c.objc; path = main.m; sourceTree = "<group>"; };
		21F0BC12148A9C7D0012C5C9 /* Estima-Prefix.pch */ = {isa = PBXFileReference; lastKnownFileType = sourcecode.c.h; path = "Estima-Prefix.pch"; sourceTree = "<group>"; };
		21F0BC14148A9C7D0012C5C9 /* en */ = {isa = PBXFileReference; lastKnownFileType = text.rtf; name = en; path = en.lproj/Credits.rtf; sourceTree = "<group>"; };
		21F0BC16148A9C7D0012C5C9 /* AppDelegate.h */ = {isa = PBXFileReference; lastKnownFileType = sourcecode.c.h; path = AppDelegate.h; sourceTree = "<group>"; };
		21F0BC17148A9C7D0012C5C9 /* AppDelegate.m */ = {isa = PBXFileReference; lastKnownFileType = sourcecode.c.objc; path = AppDelegate.m; sourceTree = "<group>"; };
		21F0BC1A148A9C7D0012C5C9 /* en */ = {isa = PBXFileReference; lastKnownFileType = file.xib; name = en; path = en.lproj/MainMenu.xib; sourceTree = "<group>"; };
		21F0BC21148A9C9F0012C5C9 /* Accelerate.framework */ = {isa = PBXFileReference; lastKnownFileType = wrapper.framework; name = Accelerate.framework; path = System/Library/Frameworks/Accelerate.framework; sourceTree = SDKROOT; };
		21F0BC23148A9CAB0012C5C9 /* AudioToolbox.framework */ = {isa = PBXFileReference; lastKnownFileType = wrapper.framework; name = AudioToolbox.framework; path = System/Library/Frameworks/AudioToolbox.framework; sourceTree = SDKROOT; };
		21F0BC25148A9CB00012C5C9 /* AudioUnit.framework */ = {isa = PBXFileReference; lastKnownFileType = wrapper.framework; name = AudioUnit.framework; path = System/Library/Frameworks/AudioUnit.framework; sourceTree = SDKROOT; };
		21F0BC27148A9CB60012C5C9 /* AVFoundation.framework */ = {isa = PBXFileReference; lastKnownFileType = wrapper.framework; name = AVFoundation.framework; path = System/Library/Frameworks/AVFoundation.framework; sourceTree = SDKROOT; };
		21F0BC29148A9CBB0012C5C9 /* CoreAudio.framework */ = {isa = PBXFileReference; lastKnownFileType = wrapper.framework; name = CoreAudio.framework; path = System/Library/Frameworks/CoreAudio.framework; sourceTree = SDKROOT; };
/* End PBXFileReference section */

/* Begin PBXFrameworksBuildPhase section */
		21F0BBFD148A9C7D0012C5C9 /* Frameworks */ = {
			isa = PBXFrameworksBuildPhase;
			buildActionMask = 2147483647;
			files = (
				215DB31314B418460032FE2D /* GLUT.framework in Frameworks */,
				215DB31014B4183A0032FE2D /* OpenGL.framework in Frameworks */,
				21F0BC2A148A9CBB0012C5C9 /* CoreAudio.framework in Frameworks */,
				21F0BC28148A9CB60012C5C9 /* AVFoundation.framework in Frameworks */,
				21F0BC26148A9CB00012C5C9 /* AudioUnit.framework in Frameworks */,
				21F0BC24148A9CAB0012C5C9 /* AudioToolbox.framework in Frameworks */,
				21F0BC22148A9C9F0012C5C9 /* Accelerate.framework in Frameworks */,
				21F0BC05148A9C7D0012C5C9 /* Cocoa.framework in Frameworks */,
			);
			runOnlyForDeploymentPostprocessing = 0;
		};
/* End PBXFrameworksBuildPhase section */

/* Begin PBXGroup section */
		215DB31414B4187D0032FE2D /* RingBuffer */ = {
			isa = PBXGroup;
			children = (
				212C47D714B229C50025E180 /* RingBuffer.h */,
				212C47D814B229C50025E180 /* RingBuffer.m */,
			);
			name = RingBuffer;
			sourceTree = "<group>";
		};
		215DB31514B4189F0032FE2D /* Device */ = {
			isa = PBXGroup;
			children = (
				212C47D414B216AC0025E180 /* AudioDeviceList.h */,
				212C47D514B216AC0025E180 /* AudioDeviceList.m */,
				212C47D114B1EDBC0025E180 /* AudioDevice.h */,
				212C47D214B1EDBC0025E180 /* AudioDevice.m */,
			);
			name = Device;
			sourceTree = "<group>";
		};
		215DB31614B418DC0032FE2D /* Audio */ = {
			isa = PBXGroup;
			children = (
				2185CE9214B4B857000B0633 /* AudioDataHandle.h */,
				2185CE9314B4B857000B0633 /* AudioDataHandle.m */,
				2185CE9414B4B857000B0633 /* AudioDataHandle+WavFileIO.m */,
				2185CE9714B4B873000B0633 /* IO */,
			);
			name = Audio;
			sourceTree = "<group>";
		};
		2185CE9114B4B7D3000B0633 /* Utility */ = {
			isa = PBXGroup;
			children = (
				2185CE8E14B4A3B8000B0633 /* Utils.h */,
				2185CE8F14B4A3B9000B0633 /* Utils.m */,
			);
			name = Utility;
			sourceTree = "<group>";
		};
		2185CE9714B4B873000B0633 /* IO */ = {
			isa = PBXGroup;
			children = (
				212C47CB14B1E8F40025E180 /* AudioInputBuffer.h */,
				212C47CC14B1E8F40025E180 /* AudioInputBuffer.m */,
				212C47CE14B1E97F0025E180 /* AudioUnitIO.h */,
				212C47CF14B1E97F0025E180 /* AudioUnitIO.m */,
			);
			name = IO;
			sourceTree = "<group>";
		};
		21F0BBF5148A9C7C0012C5C9 = {
			isa = PBXGroup;
			children = (
				21F0BC0A148A9C7D0012C5C9 /* Estima */,
				21F0BC03148A9C7D0012C5C9 /* Frameworks */,
				21F0BC01148A9C7D0012C5C9 /* Products */,
			);
			sourceTree = "<group>";
		};
		21F0BC01148A9C7D0012C5C9 /* Products */ = {
			isa = PBXGroup;
			children = (
				21F0BC00148A9C7D0012C5C9 /* Estima.app */,
			);
			name = Products;
			sourceTree = "<group>";
		};
		21F0BC03148A9C7D0012C5C9 /* Frameworks */ = {
			isa = PBXGroup;
			children = (
				215DB31214B418460032FE2D /* GLUT.framework */,
				215DB30F14B4183A0032FE2D /* OpenGL.framework */,
				21F0BC29148A9CBB0012C5C9 /* CoreAudio.framework */,
				21F0BC27148A9CB60012C5C9 /* AVFoundation.framework */,
				21F0BC25148A9CB00012C5C9 /* AudioUnit.framework */,
				21F0BC23148A9CAB0012C5C9 /* AudioToolbox.framework */,
				21F0BC21148A9C9F0012C5C9 /* Accelerate.framework */,
				21F0BC04148A9C7D0012C5C9 /* Cocoa.framework */,
				21F0BC06148A9C7D0012C5C9 /* Other Frameworks */,
			);
			name = Frameworks;
			sourceTree = "<group>";
		};
		21F0BC06148A9C7D0012C5C9 /* Other Frameworks */ = {
			isa = PBXGroup;
			children = (
				21F0BC07148A9C7D0012C5C9 /* AppKit.framework */,
				21F0BC08148A9C7D0012C5C9 /* CoreData.framework */,
				21F0BC09148A9C7D0012C5C9 /* Foundation.framework */,
			);
			name = "Other Frameworks";
			sourceTree = "<group>";
		};
		21F0BC0A148A9C7D0012C5C9 /* Estima */ = {
			isa = PBXGroup;
			children = (
				21F0BC19148A9C7D0012C5C9 /* MainMenu.xib */,
				215DB31714B41A630032FE2D /* ResultOpenGLView.h */,
				215DB31814B41A630032FE2D /* ResultOpenGLView.m */,
				21F0BC2B148A9CE60012C5C9 /* App Main */,
				215DB31614B418DC0032FE2D /* Audio */,
				215DB31414B4187D0032FE2D /* RingBuffer */,
				215DB31514B4189F0032FE2D /* Device */,
				2185CE9114B4B7D3000B0633 /* Utility */,
				21F0BC0B148A9C7D0012C5C9 /* Supporting Files */,
			);
			path = Estima;
			sourceTree = "<group>";
		};
		21F0BC0B148A9C7D0012C5C9 /* Supporting Files */ = {
			isa = PBXGroup;
			children = (
				21F0BC0C148A9C7D0012C5C9 /* Estima-Info.plist */,
				21F0BC0D148A9C7D0012C5C9 /* InfoPlist.strings */,
				21F0BC10148A9C7D0012C5C9 /* main.m */,
				21F0BC12148A9C7D0012C5C9 /* Estima-Prefix.pch */,
				21F0BC13148A9C7D0012C5C9 /* Credits.rtf */,
			);
			name = "Supporting Files";
			sourceTree = "<group>";
		};
		21F0BC2B148A9CE60012C5C9 /* App Main */ = {
			isa = PBXGroup;
			children = (
				21F0BC16148A9C7D0012C5C9 /* AppDelegate.h */,
				21F0BC17148A9C7D0012C5C9 /* AppDelegate.m */,
				212C47C814B1DFC50025E180 /* AppController.h */,
				212C47C914B1DFC50025E180 /* AppController.m */,
				2185CE8614B48FEE000B0633 /* EstimaCalculator.h */,
				2185CE8714B48FEE000B0633 /* EstimaCalculator.m */,
			);
			name = "App Main";
			sourceTree = "<group>";
		};
/* End PBXGroup section */

/* Begin PBXNativeTarget section */
		21F0BBFF148A9C7D0012C5C9 /* Estima */ = {
			isa = PBXNativeTarget;
			buildConfigurationList = 21F0BC1E148A9C7D0012C5C9 /* Build configuration list for PBXNativeTarget "Estima" */;
			buildPhases = (
				21F0BBFC148A9C7D0012C5C9 /* Sources */,
				21F0BBFD148A9C7D0012C5C9 /* Frameworks */,
				21F0BBFE148A9C7D0012C5C9 /* Resources */,
			);
			buildRules = (
			);
			dependencies = (
			);
			name = Estima;
			productName = Estima;
			productReference = 21F0BC00148A9C7D0012C5C9 /* Estima.app */;
			productType = "com.apple.product-type.application";
		};
/* End PBXNativeTarget section */

/* Begin PBXProject section */
		21F0BBF7148A9C7C0012C5C9 /* Project object */ = {
			isa = PBXProject;
			attributes = {
				LastUpgradeCheck = 0420;
				ORGANIZATIONNAME = "kosuke nakamura";
			};
			buildConfigurationList = 21F0BBFA148A9C7C0012C5C9 /* Build configuration list for PBXProject "Estima" */;
			compatibilityVersion = "Xcode 3.2";
			developmentRegion = English;
			hasScannedForEncodings = 0;
			knownRegions = (
				en,
			);
			mainGroup = 21F0BBF5148A9C7C0012C5C9;
			productRefGroup = 21F0BC01148A9C7D0012C5C9 /* Products */;
			projectDirPath = "";
			projectRoot = "";
			targets = (
				21F0BBFF148A9C7D0012C5C9 /* Estima */,
			);
		};
/* End PBXProject section */

/* Begin PBXResourcesBuildPhase section */
		21F0BBFE148A9C7D0012C5C9 /* Resources */ = {
			isa = PBXResourcesBuildPhase;
			buildActionMask = 2147483647;
			files = (
				21F0BC0F148A9C7D0012C5C9 /* InfoPlist.strings in Resources */,
				21F0BC15148A9C7D0012C5C9 /* Credits.rtf in Resources */,
				21F0BC1B148A9C7D0012C5C9 /* MainMenu.xib in Resources */,
			);
			runOnlyForDeploymentPostprocessing = 0;
		};
/* End PBXResourcesBuildPhase section */

/* Begin PBXSourcesBuildPhase section */
		21F0BBFC148A9C7D0012C5C9 /* Sources */ = {
			isa = PBXSourcesBuildPhase;
			buildActionMask = 2147483647;
			files = (
				21F0BC11148A9C7D0012C5C9 /* main.m in Sources */,
				21F0BC18148A9C7D0012C5C9 /* AppDelegate.m in Sources */,
				212C47CA14B1DFC50025E180 /* AppController.m in Sources */,
				212C47CD14B1E8F40025E180 /* AudioInputBuffer.m in Sources */,
				212C47D014B1E97F0025E180 /* AudioUnitIO.m in Sources */,
				212C47D314B1EDBC0025E180 /* AudioDevice.m in Sources */,
				212C47D614B216AC0025E180 /* AudioDeviceList.m in Sources */,
				212C47D914B229C60025E180 /* RingBuffer.m in Sources */,
				215DB31914B41A630032FE2D /* ResultOpenGLView.m in Sources */,
				2185CE8814B48FEF000B0633 /* EstimaCalculator.m in Sources */,
				2185CE9014B4A3B9000B0633 /* Utils.m in Sources */,
				2185CE9514B4B857000B0633 /* AudioDataHandle.m in Sources */,
				2185CE9614B4B857000B0633 /* AudioDataHandle+WavFileIO.m in Sources */,
			);
			runOnlyForDeploymentPostprocessing = 0;
		};
/* End PBXSourcesBuildPhase section */

/* Begin PBXVariantGroup section */
		21F0BC0D148A9C7D0012C5C9 /* InfoPlist.strings */ = {
			isa = PBXVariantGroup;
			children = (
				21F0BC0E148A9C7D0012C5C9 /* en */,
			);
			name = InfoPlist.strings;
			sourceTree = "<group>";
		};
		21F0BC13148A9C7D0012C5C9 /* Credits.rtf */ = {
			isa = PBXVariantGroup;
			children = (
				21F0BC14148A9C7D0012C5C9 /* en */,
			);
			name = Credits.rtf;
			sourceTree = "<group>";
		};
		21F0BC19148A9C7D0012C5C9 /* MainMenu.xib */ = {
			isa = PBXVariantGroup;
			children = (
				21F0BC1A148A9C7D0012C5C9 /* en */,
			);
			name = MainMenu.xib;
			sourceTree = "<group>";
		};
/* End PBXVariantGroup section */

/* Begin XCBuildConfiguration section */
		21F0BC1C148A9C7D0012C5C9 /* Debug */ = {
			isa = XCBuildConfiguration;
			buildSettings = {
				ALWAYS_SEARCH_USER_PATHS = NO;
				ARCHS = "$(ARCHS_STANDARD_64_BIT)";
				CLANG_ENABLE_OBJC_ARC = YES;
				COPY_PHASE_STRIP = NO;
				GCC_C_LANGUAGE_STANDARD = gnu99;
				GCC_DYNAMIC_NO_PIC = NO;
				GCC_ENABLE_OBJC_EXCEPTIONS = YES;
				GCC_OPTIMIZATION_LEVEL = 3;
				GCC_PREPROCESSOR_DEFINITIONS = (
					"DEBUG=1",
					"$(inherited)",
				);
				GCC_SYMBOLS_PRIVATE_EXTERN = NO;
				GCC_VERSION = com.apple.compilers.llvm.clang.1_0;
				GCC_WARN_64_TO_32_BIT_CONVERSION = YES;
				GCC_WARN_ABOUT_MISSING_PROTOTYPES = YES;
				GCC_WARN_ABOUT_RETURN_TYPE = YES;
				GCC_WARN_UNUSED_VARIABLE = YES;
				MACOSX_DEPLOYMENT_TARGET = 10.7;
				ONLY_ACTIVE_ARCH = YES;
				SDKROOT = macosx;
			};
			name = Debug;
		};
		21F0BC1D148A9C7D0012C5C9 /* Release */ = {
			isa = XCBuildConfiguration;
			buildSettings = {
				ALWAYS_SEARCH_USER_PATHS = NO;
				ARCHS = "$(ARCHS_STANDARD_64_BIT)";
				CLANG_ENABLE_OBJC_ARC = YES;
				COPY_PHASE_STRIP = YES;
				DEBUG_INFORMATION_FORMAT = "dwarf-with-dsym";
				GCC_C_LANGUAGE_STANDARD = gnu99;
				GCC_ENABLE_OBJC_EXCEPTIONS = YES;
				GCC_OPTIMIZATION_LEVEL = s;
				GCC_VERSION = com.apple.compilers.llvm.clang.1_0;
				GCC_WARN_64_TO_32_BIT_CONVERSION = YES;
				GCC_WARN_ABOUT_MISSING_PROTOTYPES = YES;
				GCC_WARN_ABOUT_RETURN_TYPE = YES;
				GCC_WARN_UNUSED_VARIABLE = YES;
				MACOSX_DEPLOYMENT_TARGET = 10.7;
				SDKROOT = macosx;
			};
			name = Release;
		};
		21F0BC1F148A9C7D0012C5C9 /* Debug */ = {
			isa = XCBuildConfiguration;
			buildSettings = {
				GCC_PRECOMPILE_PREFIX_HEADER = YES;
				GCC_PREFIX_HEADER = "Estima/Estima-Prefix.pch";
				INFOPLIST_FILE = "Estima/Estima-Info.plist";
				PRODUCT_NAME = "$(TARGET_NAME)";
				WRAPPER_EXTENSION = app;
			};
			name = Debug;
		};
		21F0BC20148A9C7D0012C5C9 /* Release */ = {
			isa = XCBuildConfiguration;
			buildSettings = {
				GCC_PRECOMPILE_PREFIX_HEADER = YES;
				GCC_PREFIX_HEADER = "Estima/Estima-Prefix.pch";
				INFOPLIST_FILE = "Estima/Estima-Info.plist";
				PRODUCT_NAME = "$(TARGET_NAME)";
				WRAPPER_EXTENSION = app;
			};
			name = Release;
		};
/* End XCBuildConfiguration section */

/* Begin XCConfigurationList section */
		21F0BBFA148A9C7C0012C5C9 /* Build configuration list for PBXProject "Estima" */ = {
			isa = XCConfigurationList;
			buildConfigurations = (
				21F0BC1C148A9C7D0012C5C9 /* Debug */,
				21F0BC1D148A9C7D0012C5C9 /* Release */,
			);
			defaultConfigurationIsVisible = 0;
			defaultConfigurationName = Release;
		};
		21F0BC1E148A9C7D0012C5C9 /* Build configuration list for PBXNativeTarget "Estima" */ = {
			isa = XCConfigurationList;
			buildConfigurations = (
				21F0BC1F148A9C7D0012C5C9 /* Debug */,
				21F0BC20148A9C7D0012C5C9 /* Release */,
			);
			defaultConfigurationIsVisible = 0;
			defaultConfigurationName = Release;
		};
/* End XCConfigurationList section */
	};
	rootObject = 21F0BBF7148A9C7C0012C5C9 /* Project object */;
}
