// !$*UTF8*$!
{
	archiveVersion = 1;
	classes = {
	};
	objectVersion = 46;
	objects = {

/* Begin PBXBuildFile section */
		21F0BC05148A9C7D0012C5C9 /* Cocoa.framework in Frameworks */ = {isa = PBXBuildFile; fileRef = 21F0BC04148A9C7D0012C5C9 /* Cocoa.framework */; };
		21F0BC0F148A9C7D0012C5C9 /* InfoPlist.strings in Resources */ = {isa = PBXBuildFile; fileRef = 21F0BC0D148A9C7D0012C5C9 /* InfoPlist.strings */; };
		21F0BC11148A9C7D0012C5C9 /* main.m in Sources */ = {isa = PBXBuildFile; fileRef = 21F0BC10148A9C7D0012C5C9 /* main.m */; };
		21F0BC15148A9C7D0012C5C9 /* Credits.rtf in Resources */ = {isa = PBXBuildFile; fileRef = 21F0BC13148A9C7D0012C5C9 /* Credits.rtf */; };
		21F0BC18148A9C7D0012C5C9 /* AppDelegate.m in Sources */ = {isa = PBXBuildFile; fileRef = 21F0BC17148A9C7D0012C5C9 /* AppDelegate.m */; };
		21F0BC1B148A9C7D0012C5C9 /* MainMenu.xib in Resources */ = {isa = PBXBuildFile; fileRef = 21F0BC19148A9C7D0012C5C9 /* MainMenu.xib */; };
		21F0BC22148A9C9F0012C5C9 /* Accelerate.framework in Frameworks */ = {isa = PBXBuildFile; fileRef = 21F0BC21148A9C9F0012C5C9 /* Accelerate.framework */; };
		21F0BC24148A9CAB0012C5C9 /* AudioToolbox.framework in Frameworks */ = {isa = PBXBuildFile; fileRef = 21F0BC23148A9CAB0012C5C9 /* AudioToolbox.framework */; };
		21F0BC26148A9CB00012C5C9 /* AudioUnit.framework in Frameworks */ = {isa = PBXBuildFile; fileRef = 21F0BC25148A9CB00012C5C9 /* AudioUnit.framework */; };
		21F0BC28148A9CB60012C5C9 /* AVFoundation.framework in Frameworks */ = {isa = PBXBuildFile; fileRef = 21F0BC27148A9CB60012C5C9 /* AVFoundation.framework */; };
		21F0BC2A148A9CBB0012C5C9 /* CoreAudio.framework in Frameworks */ = {isa = PBXBuildFile; fileRef = 21F0BC29148A9CBB0012C5C9 /* CoreAudio.framework */; };
		21F0BC2E148A9D160012C5C9 /* WaveFileHandle.m in Sources */ = {isa = PBXBuildFile; fileRef = 21F0BC2D148A9D160012C5C9 /* WaveFileHandle.m */; };
/* End PBXBuildFile section */

/* Begin PBXFileReference section */
		21F0BC00148A9C7D0012C5C9 /* Estima.app */ = {isa = PBXFileReference; explicitFileType = wrapper.application; includeInIndex = 0; path = Estima.app; sourceTree = BUILT_PRODUCTS_DIR; };
		21F0BC04148A9C7D0012C5C9 /* Cocoa.framework */ = {isa = PBXFileReference; lastKnownFileType = wrapper.framework; name = Cocoa.framework; path = System/Library/Frameworks/Cocoa.framework; sourceTree = SDKROOT; };
		21F0BC07148A9C7D0012C5C9 /* AppKit.framework */ = {isa = PBXFileReference; lastKnownFileType = wrapper.framework; name = AppKit.framework; path = System/Library/Frameworks/AppKit.framework; sourceTree = SDKROOT; };
		21F0BC08148A9C7D0012C5C9 /* CoreData.framework */ = {isa = PBXFileReference; lastKnownFileType = wrapper.framework; name = CoreData.framework; path = System/Library/Frameworks/CoreData.framework; sourceTree = SDKROOT; };
		21F0BC09148A9C7D0012C5C9 /* Foundation.framework */ = {isa = PBXFileReference; lastKnownFileType = wrapper.framework; name = Foundation.framework; path = System/Library/Frameworks/Foundation.framework; sourceTree = SDKROOT; };
		21F0BC0C148A9C7D0012C5C9 /* Estima-Info.plist */ = {isa = PBXFileReference; lastKnownFileType = text.plist.xml; path = "Estima-Info.plist"; sourceTree = "<group>"; };
		21F0BC0E148A9C7D0012C5C9 /* en */ = {isa = PBXFileReference; lastKnownFileType = text.plist.strings; name = en; path = en.lproj/InfoPlist.strings; sourceTree = "<group>"; };
		21F0BC10148A9C7D0012C5C9 /* main.m */ = {isa = PBXFileReference; lastKnownFileType = sourcecode.c.objc; path = main.m; sourceTree = "<group>"; };
		21F0BC12148A9C7D0012C5C9 /* Estima-Prefix.pch */ = {isa = PBXFileReference; lastKnownFileType = sourcecode.c.h; path = "Estima-Prefix.pch"; sourceTree = "<group>"; };
		21F0BC14148A9C7D0012C5C9 /* en */ = {isa = PBXFileReference; lastKnownFileType = text.rtf; name = en; path = en.lproj/Credits.rtf; sourceTree = "<group>"; };
		21F0BC16148A9C7D0012C5C9 /* AppDelegate.h */ = {isa = PBXFileReference; lastKnownFileType = sourcecode.c.h; path = AppDelegate.h; sourceTree = "<group>"; };
		21F0BC17148A9C7D0012C5C9 /* AppDelegate.m */ = {isa = PBXFileReference; lastKnownFileType = sourcecode.c.objc; path = AppDelegate.m; sourceTree = "<group>"; };
		21F0BC1A148A9C7D0012C5C9 /* en */ = {isa = PBXFileReference; lastKnownFileType = file.xib; name = en; path = en.lproj/MainMenu.xib; sourceTree = "<group>"; };
		21F0BC21148A9C9F0012C5C9 /* Accelerate.framework */ = {isa = PBXFileReference; lastKnownFileType = wrapper.framework; name = Accelerate.framework; path = System/Library/Frameworks/Accelerate.framework; sourceTree = SDKROOT; };
		21F0BC23148A9CAB0012C5C9 /* AudioToolbox.framework */ = {isa = PBXFileReference; lastKnownFileType = wrapper.framework; name = AudioToolbox.framework; path = System/Library/Frameworks/AudioToolbox.framework; sourceTree = SDKROOT; };
		21F0BC25148A9CB00012C5C9 /* AudioUnit.framework */ = {isa = PBXFileReference; lastKnownFileType = wrapper.framework; name = AudioUnit.framework; path = System/Library/Frameworks/AudioUnit.framework; sourceTree = SDKROOT; };
		21F0BC27148A9CB60012C5C9 /* AVFoundation.framework */ = {isa = PBXFileReference; lastKnownFileType = wrapper.framework; name = AVFoundation.framework; path = System/Library/Frameworks/AVFoundation.framework; sourceTree = SDKROOT; };
		21F0BC29148A9CBB0012C5C9 /* CoreAudio.framework */ = {isa = PBXFileReference; lastKnownFileType = wrapper.framework; name = CoreAudio.framework; path = System/Library/Frameworks/CoreAudio.framework; sourceTree = SDKROOT; };
		21F0BC2C148A9D160012C5C9 /* WaveFileHandle.h */ = {isa = PBXFileReference; fileEncoding = 4; lastKnownFileType = sourcecode.c.h; path = WaveFileHandle.h; sourceTree = "<group>"; };
		21F0BC2D148A9D160012C5C9 /* WaveFileHandle.m */ = {isa = PBXFileReference; fileEncoding = 4; lastKnownFileType = sourcecode.c.objc; path = WaveFileHandle.m; sourceTree = "<group>"; };
/* End PBXFileReference section */

/* Begin PBXFrameworksBuildPhase section */
		21F0BBFD148A9C7D0012C5C9 /* Frameworks */ = {
			isa = PBXFrameworksBuildPhase;
			buildActionMask = 2147483647;
			files = (
				21F0BC2A148A9CBB0012C5C9 /* CoreAudio.framework in Frameworks */,
				21F0BC28148A9CB60012C5C9 /* AVFoundation.framework in Frameworks */,
				21F0BC26148A9CB00012C5C9 /* AudioUnit.framework in Frameworks */,
				21F0BC24148A9CAB0012C5C9 /* AudioToolbox.framework in Frameworks */,
				21F0BC22148A9C9F0012C5C9 /* Accelerate.framework in Frameworks */,
				21F0BC05148A9C7D0012C5C9 /* Cocoa.framework in Frameworks */,
			);
			runOnlyForDeploymentPostprocessing = 0;
		};
/* End PBXFrameworksBuildPhase section */

/* Begin PBXGroup section */
		21F0BBF5148A9C7C0012C5C9 = {
			isa = PBXGroup;
			children = (
				21F0BC0A148A9C7D0012C5C9 /* Estima */,
				21F0BC03148A9C7D0012C5C9 /* Frameworks */,
				21F0BC01148A9C7D0012C5C9 /* Products */,
			);
			sourceTree = "<group>";
		};
		21F0BC01148A9C7D0012C5C9 /* Products */ = {
			isa = PBXGroup;
			children = (
				21F0BC00148A9C7D0012C5C9 /* Estima.app */,
			);
			name = Products;
			sourceTree = "<group>";
		};
		21F0BC03148A9C7D0012C5C9 /* Frameworks */ = {
			isa = PBXGroup;
			children = (
				21F0BC29148A9CBB0012C5C9 /* CoreAudio.framework */,
				21F0BC27148A9CB60012C5C9 /* AVFoundation.framework */,
				21F0BC25148A9CB00012C5C9 /* AudioUnit.framework */,
				21F0BC23148A9CAB0012C5C9 /* AudioToolbox.framework */,
				21F0BC21148A9C9F0012C5C9 /* Accelerate.framework */,
				21F0BC04148A9C7D0012C5C9 /* Cocoa.framework */,
				21F0BC06148A9C7D0012C5C9 /* Other Frameworks */,
			);
			name = Frameworks;
			sourceTree = "<group>";
		};
		21F0BC06148A9C7D0012C5C9 /* Other Frameworks */ = {
			isa = PBXGroup;
			children = (
				21F0BC07148A9C7D0012C5C9 /* AppKit.framework */,
				21F0BC08148A9C7D0012C5C9 /* CoreData.framework */,
				21F0BC09148A9C7D0012C5C9 /* Foundation.framework */,
			);
			name = "Other Frameworks";
			sourceTree = "<group>";
		};
		21F0BC0A148A9C7D0012C5C9 /* Estima */ = {
			isa = PBXGroup;
			children = (
				21F0BC2B148A9CE60012C5C9 /* App Main */,
				21F0BC19148A9C7D0012C5C9 /* MainMenu.xib */,
				21F0BC0B148A9C7D0012C5C9 /* Supporting Files */,
				21F0BC2C148A9D160012C5C9 /* WaveFileHandle.h */,
				21F0BC2D148A9D160012C5C9 /* WaveFileHandle.m */,
			);
			path = Estima;
			sourceTree = "<group>";
		};
		21F0BC0B148A9C7D0012C5C9 /* Supporting Files */ = {
			isa = PBXGroup;
			children = (
				21F0BC0C148A9C7D0012C5C9 /* Estima-Info.plist */,
				21F0BC0D148A9C7D0012C5C9 /* InfoPlist.strings */,
				21F0BC10148A9C7D0012C5C9 /* main.m */,
				21F0BC12148A9C7D0012C5C9 /* Estima-Prefix.pch */,
				21F0BC13148A9C7D0012C5C9 /* Credits.rtf */,
			);
			name = "Supporting Files";
			sourceTree = "<group>";
		};
		21F0BC2B148A9CE60012C5C9 /* App Main */ = {
			isa = PBXGroup;
			children = (
				21F0BC17148A9C7D0012C5C9 /* AppDelegate.m */,
				21F0BC16148A9C7D0012C5C9 /* AppDelegate.h */,
			);
			name = "App Main";
			sourceTree = "<group>";
		};
/* End PBXGroup section */

/* Begin PBXNativeTarget section */
		21F0BBFF148A9C7D0012C5C9 /* Estima */ = {
			isa = PBXNativeTarget;
			buildConfigurationList = 21F0BC1E148A9C7D0012C5C9 /* Build configuration list for PBXNativeTarget "Estima" */;
			buildPhases = (
				21F0BBFC148A9C7D0012C5C9 /* Sources */,
				21F0BBFD148A9C7D0012C5C9 /* Frameworks */,
				21F0BBFE148A9C7D0012C5C9 /* Resources */,
			);
			buildRules = (
			);
			dependencies = (
			);
			name = Estima;
			productName = Estima;
			productReference = 21F0BC00148A9C7D0012C5C9 /* Estima.app */;
			productType = "com.apple.product-type.application";
		};
/* End PBXNativeTarget section */

/* Begin PBXProject section */
		21F0BBF7148A9C7C0012C5C9 /* Project object */ = {
			isa = PBXProject;
			attributes = {
				LastUpgradeCheck = 0420;
				ORGANIZATIONNAME = "kosuke nakamura";
			};
			buildConfigurationList = 21F0BBFA148A9C7C0012C5C9 /* Build configuration list for PBXProject "Estima" */;
			compatibilityVersion = "Xcode 3.2";
			developmentRegion = English;
			hasScannedForEncodings = 0;
			knownRegions = (
				en,
			);
			mainGroup = 21F0BBF5148A9C7C0012C5C9;
			productRefGroup = 21F0BC01148A9C7D0012C5C9 /* Products */;
			projectDirPath = "";
			projectRoot = "";
			targets = (
				21F0BBFF148A9C7D0012C5C9 /* Estima */,
			);
		};
/* End PBXProject section */

/* Begin PBXResourcesBuildPhase section */
		21F0BBFE148A9C7D0012C5C9 /* Resources */ = {
			isa = PBXResourcesBuildPhase;
			buildActionMask = 2147483647;
			files = (
				21F0BC0F148A9C7D0012C5C9 /* InfoPlist.strings in Resources */,
				21F0BC15148A9C7D0012C5C9 /* Credits.rtf in Resources */,
				21F0BC1B148A9C7D0012C5C9 /* MainMenu.xib in Resources */,
			);
			runOnlyForDeploymentPostprocessing = 0;
		};
/* End PBXResourcesBuildPhase section */

/* Begin PBXSourcesBuildPhase section */
		21F0BBFC148A9C7D0012C5C9 /* Sources */ = {
			isa = PBXSourcesBuildPhase;
			buildActionMask = 2147483647;
			files = (
				21F0BC11148A9C7D0012C5C9 /* main.m in Sources */,
				21F0BC18148A9C7D0012C5C9 /* AppDelegate.m in Sources */,
				21F0BC2E148A9D160012C5C9 /* WaveFileHandle.m in Sources */,
			);
			runOnlyForDeploymentPostprocessing = 0;
		};
/* End PBXSourcesBuildPhase section */

/* Begin PBXVariantGroup section */
		21F0BC0D148A9C7D0012C5C9 /* InfoPlist.strings */ = {
			isa = PBXVariantGroup;
			children = (
				21F0BC0E148A9C7D0012C5C9 /* en */,
			);
			name = InfoPlist.strings;
			sourceTree = "<group>";
		};
		21F0BC13148A9C7D0012C5C9 /* Credits.rtf */ = {
			isa = PBXVariantGroup;
			children = (
				21F0BC14148A9C7D0012C5C9 /* en */,
			);
			name = Credits.rtf;
			sourceTree = "<group>";
		};
		21F0BC19148A9C7D0012C5C9 /* MainMenu.xib */ = {
			isa = PBXVariantGroup;
			children = (
				21F0BC1A148A9C7D0012C5C9 /* en */,
			);
			name = MainMenu.xib;
			sourceTree = "<group>";
		};
/* End PBXVariantGroup section */

/* Begin XCBuildConfiguration section */
		21F0BC1C148A9C7D0012C5C9 /* Debug */ = {
			isa = XCBuildConfiguration;
			buildSettings = {
				ALWAYS_SEARCH_USER_PATHS = NO;
				ARCHS = "$(ARCHS_STANDARD_64_BIT)";
				CLANG_ENABLE_OBJC_ARC = YES;
				COPY_PHASE_STRIP = NO;
				GCC_C_LANGUAGE_STANDARD = gnu99;
				GCC_DYNAMIC_NO_PIC = NO;
				GCC_ENABLE_OBJC_EXCEPTIONS = YES;
				GCC_OPTIMIZATION_LEVEL = 0;
				GCC_PREPROCESSOR_DEFINITIONS = (
					"DEBUG=1",
					"$(inherited)",
				);
				GCC_SYMBOLS_PRIVATE_EXTERN = NO;
				GCC_VERSION = com.apple.compilers.llvm.clang.1_0;
				GCC_WARN_64_TO_32_BIT_CONVERSION = YES;
				GCC_WARN_ABOUT_MISSING_PROTOTYPES = YES;
				GCC_WARN_ABOUT_RETURN_TYPE = YES;
				GCC_WARN_UNUSED_VARIABLE = YES;
				MACOSX_DEPLOYMENT_TARGET = 10.7;
				ONLY_ACTIVE_ARCH = YES;
				SDKROOT = macosx;
			};
			name = Debug;
		};
		21F0BC1D148A9C7D0012C5C9 /* Release */ = {
			isa = XCBuildConfiguration;
			buildSettings = {
				ALWAYS_SEARCH_USER_PATHS = NO;
				ARCHS = "$(ARCHS_STANDARD_64_BIT)";
				CLANG_ENABLE_OBJC_ARC = YES;
				COPY_PHASE_STRIP = YES;
				DEBUG_INFORMATION_FORMAT = "dwarf-with-dsym";
				GCC_C_LANGUAGE_STANDARD = gnu99;
				GCC_ENABLE_OBJC_EXCEPTIONS = YES;
				GCC_VERSION = com.apple.compilers.llvm.clang.1_0;
				GCC_WARN_64_TO_32_BIT_CONVERSION = YES;
				GCC_WARN_ABOUT_MISSING_PROTOTYPES = YES;
				GCC_WARN_ABOUT_RETURN_TYPE = YES;
				GCC_WARN_UNUSED_VARIABLE = YES;
				MACOSX_DEPLOYMENT_TARGET = 10.7;
				SDKROOT = macosx;
			};
			name = Release;
		};
		21F0BC1F148A9C7D0012C5C9 /* Debug */ = {
			isa = XCBuildConfiguration;
			buildSettings = {
				GCC_PRECOMPILE_PREFIX_HEADER = YES;
				GCC_PREFIX_HEADER = "Estima/Estima-Prefix.pch";
				INFOPLIST_FILE = "Estima/Estima-Info.plist";
				PRODUCT_NAME = "$(TARGET_NAME)";
				WRAPPER_EXTENSION = app;
			};
			name = Debug;
		};
		21F0BC20148A9C7D0012C5C9 /* Release */ = {
			isa = XCBuildConfiguration;
			buildSettings = {
				GCC_PRECOMPILE_PREFIX_HEADER = YES;
				GCC_PREFIX_HEADER = "Estima/Estima-Prefix.pch";
				INFOPLIST_FILE = "Estima/Estima-Info.plist";
				PRODUCT_NAME = "$(TARGET_NAME)";
				WRAPPER_EXTENSION = app;
			};
			name = Release;
		};
/* End XCBuildConfiguration section */

/* Begin XCConfigurationList section */
		21F0BBFA148A9C7C0012C5C9 /* Build configuration list for PBXProject "Estima" */ = {
			isa = XCConfigurationList;
			buildConfigurations = (
				21F0BC1C148A9C7D0012C5C9 /* Debug */,
				21F0BC1D148A9C7D0012C5C9 /* Release */,
			);
			defaultConfigurationIsVisible = 0;
			defaultConfigurationName = Release;
		};
		21F0BC1E148A9C7D0012C5C9 /* Build configuration list for PBXNativeTarget "Estima" */ = {
			isa = XCConfigurationList;
			buildConfigurations = (
				21F0BC1F148A9C7D0012C5C9 /* Debug */,
				21F0BC20148A9C7D0012C5C9 /* Release */,
			);
			defaultConfigurationIsVisible = 0;
		};
/* End XCConfigurationList section */
	};
	rootObject = 21F0BBF7148A9C7C0012C5C9 /* Project object */;
}
